// !$*UTF8*$!
{
	archiveVersion = 1;
	classes = {
	};
	objectVersion = 46;
	objects = {

/* Begin PBXBuildFile section */
		CA07B0B31C30A3A0007EF70E /* main.m in Sources */ = {isa = PBXBuildFile; fileRef = CA07B0B21C30A3A0007EF70E /* main.m */; };
		CA07B0B61C30A3A0007EF70E /* AppDelegate.m in Sources */ = {isa = PBXBuildFile; fileRef = CA07B0B51C30A3A0007EF70E /* AppDelegate.m */; };
		CA07B0B91C30A3A0007EF70E /* ViewController.m in Sources */ = {isa = PBXBuildFile; fileRef = CA07B0B81C30A3A0007EF70E /* ViewController.m */; };
		CA07B0BC1C30A3A0007EF70E /* Main.storyboard in Resources */ = {isa = PBXBuildFile; fileRef = CA07B0BA1C30A3A0007EF70E /* Main.storyboard */; };
		CA07B0BE1C30A3A0007EF70E /* Assets.xcassets in Resources */ = {isa = PBXBuildFile; fileRef = CA07B0BD1C30A3A0007EF70E /* Assets.xcassets */; };
		CA07B0C11C30A3A0007EF70E /* LaunchScreen.storyboard in Resources */ = {isa = PBXBuildFile; fileRef = CA07B0BF1C30A3A0007EF70E /* LaunchScreen.storyboard */; };
/* End PBXBuildFile section */

/* Begin PBXFileReference section */
		CA07B0AE1C30A3A0007EF70E /* code.app */ = {isa = PBXFileReference; explicitFileType = wrapper.application; includeInIndex = 0; path = code.app; sourceTree = BUILT_PRODUCTS_DIR; };
		CA07B0B21C30A3A0007EF70E /* main.m */ = {isa = PBXFileReference; lastKnownFileType = sourcecode.c.objc; path = main.m; sourceTree = "<group>"; };
		CA07B0B41C30A3A0007EF70E /* AppDelegate.h */ = {isa = PBXFileReference; lastKnownFileType = sourcecode.c.h; path = AppDelegate.h; sourceTree = "<group>"; };
		CA07B0B51C30A3A0007EF70E /* AppDelegate.m */ = {isa = PBXFileReference; lastKnownFileType = sourcecode.c.objc; path = AppDelegate.m; sourceTree = "<group>"; };
		CA07B0B71C30A3A0007EF70E /* ViewController.h */ = {isa = PBXFileReference; lastKnownFileType = sourcecode.c.h; path = ViewController.h; sourceTree = "<group>"; };
		CA07B0B81C30A3A0007EF70E /* ViewController.m */ = {isa = PBXFileReference; lastKnownFileType = sourcecode.c.objc; path = ViewController.m; sourceTree = "<group>"; };
		CA07B0BB1C30A3A0007EF70E /* Base */ = {isa = PBXFileReference; lastKnownFileType = file.storyboard; name = Base; path = Base.lproj/Main.storyboard; sourceTree = "<group>"; };
		CA07B0BD1C30A3A0007EF70E /* Assets.xcassets */ = {isa = PBXFileReference; lastKnownFileType = folder.assetcatalog; path = Assets.xcassets; sourceTree = "<group>"; };
		CA07B0C01C30A3A0007EF70E /* Base */ = {isa = PBXFileReference; lastKnownFileType = file.storyboard; name = Base; path = Base.lproj/LaunchScreen.storyboard; sourceTree = "<group>"; };
		CA07B0C21C30A3A0007EF70E /* Info.plist */ = {isa = PBXFileReference; lastKnownFileType = text.plist.xml; path = Info.plist; sourceTree = "<group>"; };
/* End PBXFileReference section */

/* Begin PBXFrameworksBuildPhase section */
		CA07B0AB1C30A3A0007EF70E /* Frameworks */ = {
			isa = PBXFrameworksBuildPhase;
			buildActionMask = 2147483647;
			files = (
			);
			runOnlyForDeploymentPostprocessing = 0;
		};
/* End PBXFrameworksBuildPhase section */

/* Begin PBXGroup section */
		CA07B0A51C30A3A0007EF70E = {
			isa = PBXGroup;
			children = (
				CA07B0B01C30A3A0007EF70E /* code */,
				CA07B0AF1C30A3A0007EF70E /* Products */,
			);
			sourceTree = "<group>";
		};
		CA07B0AF1C30A3A0007EF70E /* Products */ = {
			isa = PBXGroup;
			children = (
				CA07B0AE1C30A3A0007EF70E /* code.app */,
			);
			name = Products;
			sourceTree = "<group>";
		};
		CA07B0B01C30A3A0007EF70E /* code */ = {
			isa = PBXGroup;
			children = (
				CA07B0B41C30A3A0007EF70E /* AppDelegate.h */,
				CA07B0B51C30A3A0007EF70E /* AppDelegate.m */,
				CA07B0B71C30A3A0007EF70E /* ViewController.h */,
				CA07B0B81C30A3A0007EF70E /* ViewController.m */,
				CA07B0BA1C30A3A0007EF70E /* Main.storyboard */,
				CA07B0BD1C30A3A0007EF70E /* Assets.xcassets */,
				CA07B0BF1C30A3A0007EF70E /* LaunchScreen.storyboard */,
				CA07B0C21C30A3A0007EF70E /* Info.plist */,
				CA07B0B11C30A3A0007EF70E /* Supporting Files */,
			);
			path = code;
			sourceTree = "<group>";
		};
		CA07B0B11C30A3A0007EF70E /* Supporting Files */ = {
			isa = PBXGroup;
			children = (
				CA07B0B21C30A3A0007EF70E /* main.m */,
			);
			name = "Supporting Files";
			sourceTree = "<group>";
		};
/* End PBXGroup section */

/* Begin PBXNativeTarget section */
		CA07B0AD1C30A3A0007EF70E /* code */ = {
			isa = PBXNativeTarget;
			buildConfigurationList = CA07B0C51C30A3A0007EF70E /* Build configuration list for PBXNativeTarget "code" */;
			buildPhases = (
				CA07B0AA1C30A3A0007EF70E /* Sources */,
				CA07B0AB1C30A3A0007EF70E /* Frameworks */,
				CA07B0AC1C30A3A0007EF70E /* Resources */,
			);
			buildRules = (
			);
			dependencies = (
			);
			name = code;
			productName = code;
			productReference = CA07B0AE1C30A3A0007EF70E /* code.app */;
			productType = "com.apple.product-type.application";
		};
/* End PBXNativeTarget section */

/* Begin PBXProject section */
		CA07B0A61C30A3A0007EF70E /* Project object */ = {
			isa = PBXProject;
			attributes = {
				LastUpgradeCheck = 0720;
				ORGANIZATIONNAME = zqchen;
				TargetAttributes = {
					CA07B0AD1C30A3A0007EF70E = {
						CreatedOnToolsVersion = 7.2;
						DevelopmentTeam = T34ZBNW4VA;
					};
				};
			};
			buildConfigurationList = CA07B0A91C30A3A0007EF70E /* Build configuration list for PBXProject "code" */;
			compatibilityVersion = "Xcode 3.2";
			developmentRegion = English;
			hasScannedForEncodings = 0;
			knownRegions = (
				en,
				Base,
			);
			mainGroup = CA07B0A51C30A3A0007EF70E;
			productRefGroup = CA07B0AF1C30A3A0007EF70E /* Products */;
			projectDirPath = "";
			projectRoot = "";
			targets = (
				CA07B0AD1C30A3A0007EF70E /* code */,
			);
		};
/* End PBXProject section */

/* Begin PBXResourcesBuildPhase section */
		CA07B0AC1C30A3A0007EF70E /* Resources */ = {
			isa = PBXResourcesBuildPhase;
			buildActionMask = 2147483647;
			files = (
				CA07B0C11C30A3A0007EF70E /* LaunchScreen.storyboard in Resources */,
				CA07B0BE1C30A3A0007EF70E /* Assets.xcassets in Resources */,
				CA07B0BC1C30A3A0007EF70E /* Main.storyboard in Resources */,
			);
			runOnlyForDeploymentPostprocessing = 0;
		};
/* End PBXResourcesBuildPhase section */

/* Begin PBXSourcesBuildPhase section */
		CA07B0AA1C30A3A0007EF70E /* Sources */ = {
			isa = PBXSourcesBuildPhase;
			buildActionMask = 2147483647;
			files = (
				CA07B0B91C30A3A0007EF70E /* ViewController.m in Sources */,
				CA07B0B61C30A3A0007EF70E /* AppDelegate.m in Sources */,
				CA07B0B31C30A3A0007EF70E /* main.m in Sources */,
			);
			runOnlyForDeploymentPostprocessing = 0;
		};
/* End PBXSourcesBuildPhase section */

/* Begin PBXVariantGroup section */
		CA07B0BA1C30A3A0007EF70E /* Main.storyboard */ = {
			isa = PBXVariantGroup;
			children = (
				CA07B0BB1C30A3A0007EF70E /* Base */,
			);
			name = Main.storyboard;
			sourceTree = "<group>";
		};
		CA07B0BF1C30A3A0007EF70E /* LaunchScreen.storyboard */ = {
			isa = PBXVariantGroup;
			children = (
				CA07B0C01C30A3A0007EF70E /* Base */,
			);
			name = LaunchScreen.storyboard;
			sourceTree = "<group>";
		};
/* End PBXVariantGroup section */

/* Begin XCBuildConfiguration section */
		CA07B0C31C30A3A0007EF70E /* Debug */ = {
			isa = XCBuildConfiguration;
			buildSettings = {
				ALWAYS_SEARCH_USER_PATHS = NO;
				CLANG_CXX_LANGUAGE_STANDARD = "gnu++0x";
				CLANG_CXX_LIBRARY = "libc++";
				CLANG_ENABLE_MODULES = YES;
				CLANG_ENABLE_OBJC_ARC = YES;
				CLANG_WARN_BOOL_CONVERSION = YES;
				CLANG_WARN_CONSTANT_CONVERSION = YES;
				CLANG_WARN_DIRECT_OBJC_ISA_USAGE = YES_ERROR;
				CLANG_WARN_EMPTY_BODY = YES;
				CLANG_WARN_ENUM_CONVERSION = YES;
				CLANG_WARN_INT_CONVERSION = YES;
				CLANG_WARN_OBJC_ROOT_CLASS = YES_ERROR;
				CLANG_WARN_UNREACHABLE_CODE = YES;
				CLANG_WARN__DUPLICATE_METHOD_MATCH = YES;
				"CODE_SIGN_IDENTITY[sdk=iphoneos*]" = "iPhone Developer";
				COPY_PHASE_STRIP = NO;
				DEBUG_INFORMATION_FORMAT = dwarf;
				ENABLE_STRICT_OBJC_MSGSEND = YES;
				ENABLE_TESTABILITY = YES;
				GCC_C_LANGUAGE_STANDARD = gnu99;
				GCC_DYNAMIC_NO_PIC = NO;
				GCC_NO_COMMON_BLOCKS = YES;
				GCC_OPTIMIZATION_LEVEL = 0;
				GCC_PREPROCESSOR_DEFINITIONS = (
					"DEBUG=1",
					"$(inherited)",
				);
				GCC_WARN_64_TO_32_BIT_CONVERSION = YES;
				GCC_WARN_ABOUT_RETURN_TYPE = YES_ERROR;
				GCC_WARN_UNDECLARED_SELECTOR = YES;
				GCC_WARN_UNINITIALIZED_AUTOS = YES_AGGRESSIVE;
				GCC_WARN_UNUSED_FUNCTION = YES;
				GCC_WARN_UNUSED_VARIABLE = YES;
				IPHONEOS_DEPLOYMENT_TARGET = 9.2;
				MTL_ENABLE_DEBUG_INFO = YES;
				ONLY_ACTIVE_ARCH = YES;
				SDKROOT = iphoneos;
			};
			name = Debug;
		};
		CA07B0C41C30A3A0007EF70E /* Release */ = {
			isa = XCBuildConfiguration;
			buildSettings = {
				ALWAYS_SEARCH_USER_PATHS = NO;
				CLANG_CXX_LANGUAGE_STANDARD = "gnu++0x";
				CLANG_CXX_LIBRARY = "libc++";
				CLANG_ENABLE_MODULES = YES;
				CLANG_ENABLE_OBJC_ARC = YES;
				CLANG_WARN_BOOL_CONVERSION = YES;
				CLANG_WARN_CONSTANT_CONVERSION = YES;
				CLANG_WARN_DIRECT_OBJC_ISA_USAGE = YES_ERROR;
				CLANG_WARN_EMPTY_BODY = YES;
				CLANG_WARN_ENUM_CONVERSION = YES;
				CLANG_WARN_INT_CONVERSION = YES;
				CLANG_WARN_OBJC_ROOT_CLASS = YES_ERROR;
				CLANG_WARN_UNREACHABLE_CODE = YES;
				CLANG_WARN__DUPLICATE_METHOD_MATCH = YES;
				"CODE_SIGN_IDENTITY[sdk=iphoneos*]" = "iPhone Developer";
				COPY_PHASE_STRIP = NO;
				DEBUG_INFORMATION_FORMAT = "dwarf-with-dsym";
				ENABLE_NS_ASSERTIONS = NO;
				ENABLE_STRICT_OBJC_MSGSEND = YES;
				GCC_C_LANGUAGE_STANDARD = gnu99;
				GCC_NO_COMMON_BLOCKS = YES;
				GCC_WARN_64_TO_32_BIT_CONVERSION = YES;
				GCC_WARN_ABOUT_RETURN_TYPE = YES_ERROR;
				GCC_WARN_UNDECLARED_SELECTOR = YES;
				GCC_WARN_UNINITIALIZED_AUTOS = YES_AGGRESSIVE;
				GCC_WARN_UNUSED_FUNCTION = YES;
				GCC_WARN_UNUSED_VARIABLE = YES;
				IPHONEOS_DEPLOYMENT_TARGET = 9.2;
				MTL_ENABLE_DEBUG_INFO = NO;
				SDKROOT = iphoneos;
				VALIDATE_PRODUCT = YES;
			};
			name = Release;
		};
		CA07B0C61C30A3A0007EF70E /* Debug */ = {
			isa = XCBuildConfiguration;
			buildSettings = {
				ASSETCATALOG_COMPILER_APPICON_NAME = AppIcon;
				INFOPLIST_FILE = code/Info.plist;
				LD_RUNPATH_SEARCH_PATHS = "$(inherited) @executable_path/Frameworks";
				PRODUCT_BUNDLE_IDENTIFIER = com.Maticard.code;
				PRODUCT_NAME = "$(TARGET_NAME)";
			};
			name = Debug;
		};
		CA07B0C71C30A3A0007EF70E /* Release */ = {
			isa = XCBuildConfiguration;
			buildSettings = {
				ASSETCATALOG_COMPILER_APPICON_NAME = AppIcon;
				INFOPLIST_FILE = code/Info.plist;
				LD_RUNPATH_SEARCH_PATHS = "$(inherited) @executable_path/Frameworks";
				PRODUCT_BUNDLE_IDENTIFIER = com.Maticard.code;
				PRODUCT_NAME = "$(TARGET_NAME)";
			};
			name = Release;
		};
/* End XCBuildConfiguration section */

/* Begin XCConfigurationList section */
		CA07B0A91C30A3A0007EF70E /* Build configuration list for PBXProject "code" */ = {
			isa = XCConfigurationList;
			buildConfigurations = (
				CA07B0C31C30A3A0007EF70E /* Debug */,
				CA07B0C41C30A3A0007EF70E /* Release */,
			);
			defaultConfigurationIsVisible = 0;
			defaultConfigurationName = Release;
		};
		CA07B0C51C30A3A0007EF70E /* Build configuration list for PBXNativeTarget "code" */ = {
			isa = XCConfigurationList;
			buildConfigurations = (
				CA07B0C61C30A3A0007EF70E /* Debug */,
				CA07B0C71C30A3A0007EF70E /* Release */,
			);
			defaultConfigurationIsVisible = 0;
		};
/* End XCConfigurationList section */
	};
	rootObject = CA07B0A61C30A3A0007EF70E /* Project object */;
}
